// !$*UTF8*$!
{
	archiveVersion = 1;
	classes = {
	};
	objectVersion = 50;
	objects = {

/* Begin PBXBuildFile section */
		19194A6A20925CC10016D745 /* AppDelegate.swift in Sources */ = {isa = PBXBuildFile; fileRef = 19194A6920925CC10016D745 /* AppDelegate.swift */; };
		19194A6C20925CC10016D745 /* GameScene.sks in Resources */ = {isa = PBXBuildFile; fileRef = 19194A6B20925CC10016D745 /* GameScene.sks */; };
		19194A6E20925CC10016D745 /* Actions.sks in Resources */ = {isa = PBXBuildFile; fileRef = 19194A6D20925CC10016D745 /* Actions.sks */; };
		19194A7020925CC10016D745 /* GameScene.swift in Sources */ = {isa = PBXBuildFile; fileRef = 19194A6F20925CC10016D745 /* GameScene.swift */; };
		19194A7220925CC10016D745 /* GameViewController.swift in Sources */ = {isa = PBXBuildFile; fileRef = 19194A7120925CC10016D745 /* GameViewController.swift */; };
		19194A7520925CC10016D745 /* Main.storyboard in Resources */ = {isa = PBXBuildFile; fileRef = 19194A7320925CC10016D745 /* Main.storyboard */; };
		19194A7720925CC70016D745 /* Assets.xcassets in Resources */ = {isa = PBXBuildFile; fileRef = 19194A7620925CC70016D745 /* Assets.xcassets */; };
		19194A7A20925CC70016D745 /* LaunchScreen.storyboard in Resources */ = {isa = PBXBuildFile; fileRef = 19194A7820925CC70016D745 /* LaunchScreen.storyboard */; };
		19194A8520925CC70016D745 /* RoboRunTesterTests.swift in Sources */ = {isa = PBXBuildFile; fileRef = 19194A8420925CC70016D745 /* RoboRunTesterTests.swift */; };
		19194A9020925CC70016D745 /* RoboRunTesterUITests.swift in Sources */ = {isa = PBXBuildFile; fileRef = 19194A8F20925CC70016D745 /* RoboRunTesterUITests.swift */; };
		19194A9E20925D070016D745 /* Robot.swift in Sources */ = {isa = PBXBuildFile; fileRef = 19194A9D20925D070016D745 /* Robot.swift */; };
		19194AA020925D420016D745 /* MenuScene.swift in Sources */ = {isa = PBXBuildFile; fileRef = 19194A9F20925D420016D745 /* MenuScene.swift */; };
/* End PBXBuildFile section */

/* Begin PBXContainerItemProxy section */
		19194A8120925CC70016D745 /* PBXContainerItemProxy */ = {
			isa = PBXContainerItemProxy;
			containerPortal = 19194A5E20925CC10016D745 /* Project object */;
			proxyType = 1;
			remoteGlobalIDString = 19194A6520925CC10016D745;
			remoteInfo = RoboRunTester;
		};
		19194A8C20925CC70016D745 /* PBXContainerItemProxy */ = {
			isa = PBXContainerItemProxy;
			containerPortal = 19194A5E20925CC10016D745 /* Project object */;
			proxyType = 1;
			remoteGlobalIDString = 19194A6520925CC10016D745;
			remoteInfo = RoboRunTester;
		};
/* End PBXContainerItemProxy section */

/* Begin PBXFileReference section */
		19194A6620925CC10016D745 /* RoboRunTester.app */ = {isa = PBXFileReference; explicitFileType = wrapper.application; includeInIndex = 0; path = RoboRunTester.app; sourceTree = BUILT_PRODUCTS_DIR; };
		19194A6920925CC10016D745 /* AppDelegate.swift */ = {isa = PBXFileReference; lastKnownFileType = sourcecode.swift; path = AppDelegate.swift; sourceTree = "<group>"; };
		19194A6B20925CC10016D745 /* GameScene.sks */ = {isa = PBXFileReference; lastKnownFileType = file.sks; path = GameScene.sks; sourceTree = "<group>"; };
		19194A6D20925CC10016D745 /* Actions.sks */ = {isa = PBXFileReference; lastKnownFileType = file.sks; path = Actions.sks; sourceTree = "<group>"; };
		19194A6F20925CC10016D745 /* GameScene.swift */ = {isa = PBXFileReference; lastKnownFileType = sourcecode.swift; path = GameScene.swift; sourceTree = "<group>"; };
		19194A7120925CC10016D745 /* GameViewController.swift */ = {isa = PBXFileReference; lastKnownFileType = sourcecode.swift; path = GameViewController.swift; sourceTree = "<group>"; };
		19194A7420925CC10016D745 /* Base */ = {isa = PBXFileReference; lastKnownFileType = file.storyboard; name = Base; path = Base.lproj/Main.storyboard; sourceTree = "<group>"; };
		19194A7620925CC70016D745 /* Assets.xcassets */ = {isa = PBXFileReference; lastKnownFileType = folder.assetcatalog; path = Assets.xcassets; sourceTree = "<group>"; };
		19194A7920925CC70016D745 /* Base */ = {isa = PBXFileReference; lastKnownFileType = file.storyboard; name = Base; path = Base.lproj/LaunchScreen.storyboard; sourceTree = "<group>"; };
		19194A7B20925CC70016D745 /* Info.plist */ = {isa = PBXFileReference; lastKnownFileType = text.plist.xml; path = Info.plist; sourceTree = "<group>"; };
		19194A8020925CC70016D745 /* RoboRunTesterTests.xctest */ = {isa = PBXFileReference; explicitFileType = wrapper.cfbundle; includeInIndex = 0; path = RoboRunTesterTests.xctest; sourceTree = BUILT_PRODUCTS_DIR; };
		19194A8420925CC70016D745 /* RoboRunTesterTests.swift */ = {isa = PBXFileReference; lastKnownFileType = sourcecode.swift; path = RoboRunTesterTests.swift; sourceTree = "<group>"; };
		19194A8620925CC70016D745 /* Info.plist */ = {isa = PBXFileReference; lastKnownFileType = text.plist.xml; path = Info.plist; sourceTree = "<group>"; };
		19194A8B20925CC70016D745 /* RoboRunTesterUITests.xctest */ = {isa = PBXFileReference; explicitFileType = wrapper.cfbundle; includeInIndex = 0; path = RoboRunTesterUITests.xctest; sourceTree = BUILT_PRODUCTS_DIR; };
		19194A8F20925CC70016D745 /* RoboRunTesterUITests.swift */ = {isa = PBXFileReference; lastKnownFileType = sourcecode.swift; path = RoboRunTesterUITests.swift; sourceTree = "<group>"; };
		19194A9120925CC70016D745 /* Info.plist */ = {isa = PBXFileReference; lastKnownFileType = text.plist.xml; path = Info.plist; sourceTree = "<group>"; };
		19194A9D20925D070016D745 /* Robot.swift */ = {isa = PBXFileReference; lastKnownFileType = sourcecode.swift; path = Robot.swift; sourceTree = "<group>"; };
		19194A9F20925D420016D745 /* MenuScene.swift */ = {isa = PBXFileReference; lastKnownFileType = sourcecode.swift; path = MenuScene.swift; sourceTree = "<group>"; };
		19EE0D1B2139D76C006C628F /* RoboRunTester.xcodeproj */ = {isa = PBXFileReference; lastKnownFileType = "wrapper.pb-project"; path = RoboRunTester.xcodeproj; sourceTree = SOURCE_ROOT; };
/* End PBXFileReference section */

/* Begin PBXFrameworksBuildPhase section */
		19194A6320925CC10016D745 /* Frameworks */ = {
			isa = PBXFrameworksBuildPhase;
			buildActionMask = 2147483647;
			files = (
			);
			runOnlyForDeploymentPostprocessing = 0;
		};
		19194A7D20925CC70016D745 /* Frameworks */ = {
			isa = PBXFrameworksBuildPhase;
			buildActionMask = 2147483647;
			files = (
			);
			runOnlyForDeploymentPostprocessing = 0;
		};
		19194A8820925CC70016D745 /* Frameworks */ = {
			isa = PBXFrameworksBuildPhase;
			buildActionMask = 2147483647;
			files = (
			);
			runOnlyForDeploymentPostprocessing = 0;
		};
/* End PBXFrameworksBuildPhase section */

/* Begin PBXGroup section */
		19194A5D20925CC10016D745 = {
			isa = PBXGroup;
			children = (
				19194A6820925CC10016D745 /* RoboRunTester */,
				19194A8320925CC70016D745 /* RoboRunTesterTests */,
				19194A8E20925CC70016D745 /* RoboRunTesterUITests */,
				19194A6720925CC10016D745 /* Products */,
			);
			sourceTree = "<group>";
		};
		19194A6720925CC10016D745 /* Products */ = {
			isa = PBXGroup;
			children = (
				19194A6620925CC10016D745 /* RoboRunTester.app */,
				19194A8020925CC70016D745 /* RoboRunTesterTests.xctest */,
				19194A8B20925CC70016D745 /* RoboRunTesterUITests.xctest */,
			);
			name = Products;
			sourceTree = "<group>";
		};
		19194A6820925CC10016D745 /* RoboRunTester */ = {
			isa = PBXGroup;
			children = (
				19194A6920925CC10016D745 /* AppDelegate.swift */,
				19194A6B20925CC10016D745 /* GameScene.sks */,
				19194A6D20925CC10016D745 /* Actions.sks */,
				19194A6F20925CC10016D745 /* GameScene.swift */,
				19194A9D20925D070016D745 /* Robot.swift */,
				19194A9F20925D420016D745 /* MenuScene.swift */,
				19EE0D1B2139D76C006C628F /* RoboRunTester.xcodeproj */,
				19194A7120925CC10016D745 /* GameViewController.swift */,
				19194A7320925CC10016D745 /* Main.storyboard */,
				19194A7620925CC70016D745 /* Assets.xcassets */,
				19194A7820925CC70016D745 /* LaunchScreen.storyboard */,
				19194A7B20925CC70016D745 /* Info.plist */,
			);
			path = RoboRunTester;
			sourceTree = "<group>";
		};
		19194A8320925CC70016D745 /* RoboRunTesterTests */ = {
			isa = PBXGroup;
			children = (
				19194A8420925CC70016D745 /* RoboRunTesterTests.swift */,
				19194A8620925CC70016D745 /* Info.plist */,
			);
			path = RoboRunTesterTests;
			sourceTree = "<group>";
		};
		19194A8E20925CC70016D745 /* RoboRunTesterUITests */ = {
			isa = PBXGroup;
			children = (
				19194A8F20925CC70016D745 /* RoboRunTesterUITests.swift */,
				19194A9120925CC70016D745 /* Info.plist */,
			);
			path = RoboRunTesterUITests;
			sourceTree = "<group>";
		};
		19EE0D1C2139D76C006C628F /* Products */ = {
			isa = PBXGroup;
			name = Products;
			sourceTree = "<group>";
		};
/* End PBXGroup section */

/* Begin PBXNativeTarget section */
		19194A6520925CC10016D745 /* RoboRunTester */ = {
			isa = PBXNativeTarget;
			buildConfigurationList = 19194A9420925CC70016D745 /* Build configuration list for PBXNativeTarget "RoboRunTester" */;
			buildPhases = (
				19194A6220925CC10016D745 /* Sources */,
				19194A6320925CC10016D745 /* Frameworks */,
				19194A6420925CC10016D745 /* Resources */,
			);
			buildRules = (
			);
			dependencies = (
			);
			name = RoboRunTester;
			productName = RoboRunTester;
			productReference = 19194A6620925CC10016D745 /* RoboRunTester.app */;
			productType = "com.apple.product-type.application";
		};
		19194A7F20925CC70016D745 /* RoboRunTesterTests */ = {
			isa = PBXNativeTarget;
			buildConfigurationList = 19194A9720925CC70016D745 /* Build configuration list for PBXNativeTarget "RoboRunTesterTests" */;
			buildPhases = (
				19194A7C20925CC70016D745 /* Sources */,
				19194A7D20925CC70016D745 /* Frameworks */,
				19194A7E20925CC70016D745 /* Resources */,
			);
			buildRules = (
			);
			dependencies = (
				19194A8220925CC70016D745 /* PBXTargetDependency */,
			);
			name = RoboRunTesterTests;
			productName = RoboRunTesterTests;
			productReference = 19194A8020925CC70016D745 /* RoboRunTesterTests.xctest */;
			productType = "com.apple.product-type.bundle.unit-test";
		};
		19194A8A20925CC70016D745 /* RoboRunTesterUITests */ = {
			isa = PBXNativeTarget;
			buildConfigurationList = 19194A9A20925CC70016D745 /* Build configuration list for PBXNativeTarget "RoboRunTesterUITests" */;
			buildPhases = (
				19194A8720925CC70016D745 /* Sources */,
				19194A8820925CC70016D745 /* Frameworks */,
				19194A8920925CC70016D745 /* Resources */,
			);
			buildRules = (
			);
			dependencies = (
				19194A8D20925CC70016D745 /* PBXTargetDependency */,
			);
			name = RoboRunTesterUITests;
			productName = RoboRunTesterUITests;
			productReference = 19194A8B20925CC70016D745 /* RoboRunTesterUITests.xctest */;
			productType = "com.apple.product-type.bundle.ui-testing";
		};
/* End PBXNativeTarget section */

/* Begin PBXProject section */
		19194A5E20925CC10016D745 /* Project object */ = {
			isa = PBXProject;
			attributes = {
				LastSwiftUpdateCheck = 0930;
				LastUpgradeCheck = 0930;
				ORGANIZATIONNAME = "Brandon Torres";
				TargetAttributes = {
					19194A6520925CC10016D745 = {
						CreatedOnToolsVersion = 9.3;
					};
					19194A7F20925CC70016D745 = {
						CreatedOnToolsVersion = 9.3;
						TestTargetID = 19194A6520925CC10016D745;
					};
					19194A8A20925CC70016D745 = {
						CreatedOnToolsVersion = 9.3;
						TestTargetID = 19194A6520925CC10016D745;
					};
				};
			};
			buildConfigurationList = 19194A6120925CC10016D745 /* Build configuration list for PBXProject "RoboRunTester" */;
			compatibilityVersion = "Xcode 9.3";
			developmentRegion = en;
			hasScannedForEncodings = 0;
			knownRegions = (
				en,
				Base,
			);
			mainGroup = 19194A5D20925CC10016D745;
			productRefGroup = 19194A6720925CC10016D745 /* Products */;
			projectDirPath = "";
			projectReferences = (
				{
					ProductGroup = 19EE0D1C2139D76C006C628F /* Products */;
					ProjectRef = 19EE0D1B2139D76C006C628F /* RoboRunTester.xcodeproj */;
				},
			);
			projectRoot = "";
			targets = (
				19194A6520925CC10016D745 /* RoboRunTester */,
				19194A7F20925CC70016D745 /* RoboRunTesterTests */,
				19194A8A20925CC70016D745 /* RoboRunTesterUITests */,
			);
		};
/* End PBXProject section */

/* Begin PBXResourcesBuildPhase section */
		19194A6420925CC10016D745 /* Resources */ = {
			isa = PBXResourcesBuildPhase;
			buildActionMask = 2147483647;
			files = (
				19194A7520925CC10016D745 /* Main.storyboard in Resources */,
				19194A6C20925CC10016D745 /* GameScene.sks in Resources */,
				19194A7720925CC70016D745 /* Assets.xcassets in Resources */,
				19194A7A20925CC70016D745 /* LaunchScreen.storyboard in Resources */,
				19194A6E20925CC10016D745 /* Actions.sks in Resources */,
			);
			runOnlyForDeploymentPostprocessing = 0;
		};
		19194A7E20925CC70016D745 /* Resources */ = {
			isa = PBXResourcesBuildPhase;
			buildActionMask = 2147483647;
			files = (
			);
			runOnlyForDeploymentPostprocessing = 0;
		};
		19194A8920925CC70016D745 /* Resources */ = {
			isa = PBXResourcesBuildPhase;
			buildActionMask = 2147483647;
			files = (
			);
			runOnlyForDeploymentPostprocessing = 0;
		};
/* End PBXResourcesBuildPhase section */

/* Begin PBXSourcesBuildPhase section */
		19194A6220925CC10016D745 /* Sources */ = {
			isa = PBXSourcesBuildPhase;
			buildActionMask = 2147483647;
			files = (
				19194A9E20925D070016D745 /* Robot.swift in Sources */,
				19194A7020925CC10016D745 /* GameScene.swift in Sources */,
				19194AA020925D420016D745 /* MenuScene.swift in Sources */,
				19194A7220925CC10016D745 /* GameViewController.swift in Sources */,
				19194A6A20925CC10016D745 /* AppDelegate.swift in Sources */,
			);
			runOnlyForDeploymentPostprocessing = 0;
		};
		19194A7C20925CC70016D745 /* Sources */ = {
			isa = PBXSourcesBuildPhase;
			buildActionMask = 2147483647;
			files = (
				19194A8520925CC70016D745 /* RoboRunTesterTests.swift in Sources */,
			);
			runOnlyForDeploymentPostprocessing = 0;
		};
		19194A8720925CC70016D745 /* Sources */ = {
			isa = PBXSourcesBuildPhase;
			buildActionMask = 2147483647;
			files = (
				19194A9020925CC70016D745 /* RoboRunTesterUITests.swift in Sources */,
			);
			runOnlyForDeploymentPostprocessing = 0;
		};
/* End PBXSourcesBuildPhase section */

/* Begin PBXTargetDependency section */
		19194A8220925CC70016D745 /* PBXTargetDependency */ = {
			isa = PBXTargetDependency;
			target = 19194A6520925CC10016D745 /* RoboRunTester */;
			targetProxy = 19194A8120925CC70016D745 /* PBXContainerItemProxy */;
		};
		19194A8D20925CC70016D745 /* PBXTargetDependency */ = {
			isa = PBXTargetDependency;
			target = 19194A6520925CC10016D745 /* RoboRunTester */;
			targetProxy = 19194A8C20925CC70016D745 /* PBXContainerItemProxy */;
		};
/* End PBXTargetDependency section */

/* Begin PBXVariantGroup section */
		19194A7320925CC10016D745 /* Main.storyboard */ = {
			isa = PBXVariantGroup;
			children = (
				19194A7420925CC10016D745 /* Base */,
			);
			name = Main.storyboard;
			sourceTree = "<group>";
		};
		19194A7820925CC70016D745 /* LaunchScreen.storyboard */ = {
			isa = PBXVariantGroup;
			children = (
				19194A7920925CC70016D745 /* Base */,
			);
			name = LaunchScreen.storyboard;
			sourceTree = "<group>";
		};
/* End PBXVariantGroup section */

/* Begin XCBuildConfiguration section */
		19194A9220925CC70016D745 /* Debug */ = {
			isa = XCBuildConfiguration;
			buildSettings = {
				ALWAYS_SEARCH_USER_PATHS = NO;
				CLANG_ANALYZER_NONNULL = YES;
				CLANG_ANALYZER_NUMBER_OBJECT_CONVERSION = YES_AGGRESSIVE;
				CLANG_CXX_LANGUAGE_STANDARD = "gnu++14";
				CLANG_CXX_LIBRARY = "libc++";
				CLANG_ENABLE_MODULES = YES;
				CLANG_ENABLE_OBJC_ARC = YES;
				CLANG_ENABLE_OBJC_WEAK = YES;
				CLANG_WARN_BLOCK_CAPTURE_AUTORELEASING = YES;
				CLANG_WARN_BOOL_CONVERSION = YES;
				CLANG_WARN_COMMA = YES;
				CLANG_WARN_CONSTANT_CONVERSION = YES;
				CLANG_WARN_DEPRECATED_OBJC_IMPLEMENTATIONS = YES;
				CLANG_WARN_DIRECT_OBJC_ISA_USAGE = YES_ERROR;
				CLANG_WARN_DOCUMENTATION_COMMENTS = YES;
				CLANG_WARN_EMPTY_BODY = YES;
				CLANG_WARN_ENUM_CONVERSION = YES;
				CLANG_WARN_INFINITE_RECURSION = YES;
				CLANG_WARN_INT_CONVERSION = YES;
				CLANG_WARN_NON_LITERAL_NULL_CONVERSION = YES;
				CLANG_WARN_OBJC_IMPLICIT_RETAIN_SELF = YES;
				CLANG_WARN_OBJC_LITERAL_CONVERSION = YES;
				CLANG_WARN_OBJC_ROOT_CLASS = YES_ERROR;
				CLANG_WARN_RANGE_LOOP_ANALYSIS = YES;
				CLANG_WARN_STRICT_PROTOTYPES = YES;
				CLANG_WARN_SUSPICIOUS_MOVE = YES;
				CLANG_WARN_UNGUARDED_AVAILABILITY = YES_AGGRESSIVE;
				CLANG_WARN_UNREACHABLE_CODE = YES;
				CLANG_WARN__DUPLICATE_METHOD_MATCH = YES;
				CODE_SIGN_IDENTITY = "iPhone Developer";
				COPY_PHASE_STRIP = NO;
				DEBUG_INFORMATION_FORMAT = dwarf;
				ENABLE_STRICT_OBJC_MSGSEND = YES;
				ENABLE_TESTABILITY = YES;
				GCC_C_LANGUAGE_STANDARD = gnu11;
				GCC_DYNAMIC_NO_PIC = NO;
				GCC_NO_COMMON_BLOCKS = YES;
				GCC_OPTIMIZATION_LEVEL = 0;
				GCC_PREPROCESSOR_DEFINITIONS = (
					"DEBUG=1",
					"$(inherited)",
				);
				GCC_WARN_64_TO_32_BIT_CONVERSION = YES;
				GCC_WARN_ABOUT_RETURN_TYPE = YES_ERROR;
				GCC_WARN_UNDECLARED_SELECTOR = YES;
				GCC_WARN_UNINITIALIZED_AUTOS = YES_AGGRESSIVE;
				GCC_WARN_UNUSED_FUNCTION = YES;
				GCC_WARN_UNUSED_VARIABLE = YES;
				IPHONEOS_DEPLOYMENT_TARGET = 11.3;
				MTL_ENABLE_DEBUG_INFO = YES;
				ONLY_ACTIVE_ARCH = YES;
				SDKROOT = iphoneos;
				SWIFT_ACTIVE_COMPILATION_CONDITIONS = DEBUG;
				SWIFT_OPTIMIZATION_LEVEL = "-Onone";
			};
			name = Debug;
		};
		19194A9320925CC70016D745 /* Release */ = {
			isa = XCBuildConfiguration;
			buildSettings = {
				ALWAYS_SEARCH_USER_PATHS = NO;
				CLANG_ANALYZER_NONNULL = YES;
				CLANG_ANALYZER_NUMBER_OBJECT_CONVERSION = YES_AGGRESSIVE;
				CLANG_CXX_LANGUAGE_STANDARD = "gnu++14";
				CLANG_CXX_LIBRARY = "libc++";
				CLANG_ENABLE_MODULES = YES;
				CLANG_ENABLE_OBJC_ARC = YES;
				CLANG_ENABLE_OBJC_WEAK = YES;
				CLANG_WARN_BLOCK_CAPTURE_AUTORELEASING = YES;
				CLANG_WARN_BOOL_CONVERSION = YES;
				CLANG_WARN_COMMA = YES;
				CLANG_WARN_CONSTANT_CONVERSION = YES;
				CLANG_WARN_DEPRECATED_OBJC_IMPLEMENTATIONS = YES;
				CLANG_WARN_DIRECT_OBJC_ISA_USAGE = YES_ERROR;
				CLANG_WARN_DOCUMENTATION_COMMENTS = YES;
				CLANG_WARN_EMPTY_BODY = YES;
				CLANG_WARN_ENUM_CONVERSION = YES;
				CLANG_WARN_INFINITE_RECURSION = YES;
				CLANG_WARN_INT_CONVERSION = YES;
				CLANG_WARN_NON_LITERAL_NULL_CONVERSION = YES;
				CLANG_WARN_OBJC_IMPLICIT_RETAIN_SELF = YES;
				CLANG_WARN_OBJC_LITERAL_CONVERSION = YES;
				CLANG_WARN_OBJC_ROOT_CLASS = YES_ERROR;
				CLANG_WARN_RANGE_LOOP_ANALYSIS = YES;
				CLANG_WARN_STRICT_PROTOTYPES = YES;
				CLANG_WARN_SUSPICIOUS_MOVE = YES;
				CLANG_WARN_UNGUARDED_AVAILABILITY = YES_AGGRESSIVE;
				CLANG_WARN_UNREACHABLE_CODE = YES;
				CLANG_WARN__DUPLICATE_METHOD_MATCH = YES;
				CODE_SIGN_IDENTITY = "iPhone Developer";
				COPY_PHASE_STRIP = NO;
				DEBUG_INFORMATION_FORMAT = "dwarf-with-dsym";
				ENABLE_NS_ASSERTIONS = NO;
				ENABLE_STRICT_OBJC_MSGSEND = YES;
				GCC_C_LANGUAGE_STANDARD = gnu11;
				GCC_NO_COMMON_BLOCKS = YES;
				GCC_WARN_64_TO_32_BIT_CONVERSION = YES;
				GCC_WARN_ABOUT_RETURN_TYPE = YES_ERROR;
				GCC_WARN_UNDECLARED_SELECTOR = YES;
				GCC_WARN_UNINITIALIZED_AUTOS = YES_AGGRESSIVE;
				GCC_WARN_UNUSED_FUNCTION = YES;
				GCC_WARN_UNUSED_VARIABLE = YES;
				IPHONEOS_DEPLOYMENT_TARGET = 11.3;
				MTL_ENABLE_DEBUG_INFO = NO;
				SDKROOT = iphoneos;
				SWIFT_COMPILATION_MODE = wholemodule;
				SWIFT_OPTIMIZATION_LEVEL = "-O";
				VALIDATE_PRODUCT = YES;
			};
			name = Release;
		};
		19194A9520925CC70016D745 /* Debug */ = {
			isa = XCBuildConfiguration;
			buildSettings = {
				ASSETCATALOG_COMPILER_APPICON_NAME = AppIcon;
				CODE_SIGN_STYLE = Automatic;
				DEVELOPMENT_TEAM = F7W8FM935M;
				INFOPLIST_FILE = RoboRunTester/Info.plist;
				LD_RUNPATH_SEARCH_PATHS = (
					"$(inherited)",
					"@executable_path/Frameworks",
				);
				PRODUCT_BUNDLE_IDENTIFIER = "Brandon-Torres.RoboRunTester";
				PRODUCT_NAME = "$(TARGET_NAME)";
				SWIFT_VERSION = 4.0;
				TARGETED_DEVICE_FAMILY = "1,2";
			};
			name = Debug;
		};
		19194A9620925CC70016D745 /* Release */ = {
			isa = XCBuildConfiguration;
			buildSettings = {
				ASSETCATALOG_COMPILER_APPICON_NAME = AppIcon;
				CODE_SIGN_STYLE = Automatic;
				DEVELOPMENT_TEAM = F7W8FM935M;
				INFOPLIST_FILE = RoboRunTester/Info.plist;
				LD_RUNPATH_SEARCH_PATHS = (
					"$(inherited)",
					"@executable_path/Frameworks",
				);
				PRODUCT_BUNDLE_IDENTIFIER = "Brandon-Torres.RoboRunTester";
				PRODUCT_NAME = "$(TARGET_NAME)";
				SWIFT_VERSION = 4.0;
				TARGETED_DEVICE_FAMILY = "1,2";
			};
			name = Release;
		};
		19194A9820925CC70016D745 /* Debug */ = {
			isa = XCBuildConfiguration;
			buildSettings = {
				ALWAYS_EMBED_SWIFT_STANDARD_LIBRARIES = YES;
				BUNDLE_LOADER = "$(TEST_HOST)";
				CODE_SIGN_STYLE = Automatic;
				INFOPLIST_FILE = RoboRunTesterTests/Info.plist;
				LD_RUNPATH_SEARCH_PATHS = (
					"$(inherited)",
					"@executable_path/Frameworks",
					"@loader_path/Frameworks",
				);
				PRODUCT_BUNDLE_IDENTIFIER = "Brandon-Torres.RoboRunTesterTests";
				PRODUCT_NAME = "$(TARGET_NAME)";
				SWIFT_VERSION = 4.0;
				TARGETED_DEVICE_FAMILY = "1,2";
				TEST_HOST = "$(BUILT_PRODUCTS_DIR)/RoboRunTester.app/RoboRunTester";
			};
			name = Debug;
		};
		19194A9920925CC70016D745 /* Release */ = {
			isa = XCBuildConfiguration;
			buildSettings = {
				ALWAYS_EMBED_SWIFT_STANDARD_LIBRARIES = YES;
				BUNDLE_LOADER = "$(TEST_HOST)";
				CODE_SIGN_STYLE = Automatic;
				INFOPLIST_FILE = RoboRunTesterTests/Info.plist;
				LD_RUNPATH_SEARCH_PATHS = (
					"$(inherited)",
					"@executable_path/Frameworks",
					"@loader_path/Frameworks",
				);
				PRODUCT_BUNDLE_IDENTIFIER = "Brandon-Torres.RoboRunTesterTests";
				PRODUCT_NAME = "$(TARGET_NAME)";
				SWIFT_VERSION = 4.0;
				TARGETED_DEVICE_FAMILY = "1,2";
				TEST_HOST = "$(BUILT_PRODUCTS_DIR)/RoboRunTester.app/RoboRunTester";
			};
			name = Release;
		};
		19194A9B20925CC70016D745 /* Debug */ = {
			isa = XCBuildConfiguration;
			buildSettings = {
				ALWAYS_EMBED_SWIFT_STANDARD_LIBRARIES = YES;
				CODE_SIGN_STYLE = Automatic;
				INFOPLIST_FILE = RoboRunTesterUITests/Info.plist;
				LD_RUNPATH_SEARCH_PATHS = (
					"$(inherited)",
					"@executable_path/Frameworks",
					"@loader_path/Frameworks",
				);
				PRODUCT_BUNDLE_IDENTIFIER = "Brandon-Torres.RoboRunTesterUITests";
				PRODUCT_NAME = "$(TARGET_NAME)";
				SWIFT_VERSION = 4.0;
				TARGETED_DEVICE_FAMILY = "1,2";
				TEST_TARGET_NAME = RoboRunTester;
			};
			name = Debug;
		};
		19194A9C20925CC70016D745 /* Release */ = {
			isa = XCBuildConfiguration;
			buildSettings = {
				ALWAYS_EMBED_SWIFT_STANDARD_LIBRARIES = YES;
				CODE_SIGN_STYLE = Automatic;
				INFOPLIST_FILE = RoboRunTesterUITests/Info.plist;
				LD_RUNPATH_SEARCH_PATHS = (
					"$(inherited)",
					"@executable_path/Frameworks",
					"@loader_path/Frameworks",
				);
				PRODUCT_BUNDLE_IDENTIFIER = "Brandon-Torres.RoboRunTesterUITests";
				PRODUCT_NAME = "$(TARGET_NAME)";
				SWIFT_VERSION = 4.0;
				TARGETED_DEVICE_FAMILY = "1,2";
				TEST_TARGET_NAME = RoboRunTester;
			};
			name = Release;
		};
/* End XCBuildConfiguration section */

/* Begin XCConfigurationList section */
		19194A6120925CC10016D745 /* Build configuration list for PBXProject "RoboRunTester" */ = {
			isa = XCConfigurationList;
			buildConfigurations = (
				19194A9220925CC70016D745 /* Debug */,
				19194A9320925CC70016D745 /* Release */,
			);
			defaultConfigurationIsVisible = 0;
			defaultConfigurationName = Release;
		};
		19194A9420925CC70016D745 /* Build configuration list for PBXNativeTarget "RoboRunTester" */ = {
			isa = XCConfigurationList;
			buildConfigurations = (
				19194A9520925CC70016D745 /* Debug */,
				19194A9620925CC70016D745 /* Release */,
			);
			defaultConfigurationIsVisible = 0;
			defaultConfigurationName = Release;
		};
		19194A9720925CC70016D745 /* Build configuration list for PBXNativeTarget "RoboRunTesterTests" */ = {
			isa = XCConfigurationList;
			buildConfigurations = (
				19194A9820925CC70016D745 /* Debug */,
				19194A9920925CC70016D745 /* Release */,
			);
			defaultConfigurationIsVisible = 0;
			defaultConfigurationName = Release;
		};
		19194A9A20925CC70016D745 /* Build configuration list for PBXNativeTarget "RoboRunTesterUITests" */ = {
			isa = XCConfigurationList;
			buildConfigurations = (
				19194A9B20925CC70016D745 /* Debug */,
				19194A9C20925CC70016D745 /* Release */,
			);
			defaultConfigurationIsVisible = 0;
			defaultConfigurationName = Release;
		};
/* End XCConfigurationList section */
	};
	rootObject = 19194A5E20925CC10016D745 /* Project object */;
}
